
Microsoft Visual Studio Solution File, Format Version 11.00
# Visual Studio 2010
Project("{FAE04EC0-301F-11D3-BF4B-00C04F79EFBC}") = "Assembly-CSharp", "Assembly-CSharp.csproj", "{ed0f4f24-70a2-6739-50fd-4a30e1bf68fc}"
EndProject
Project("{FAE04EC0-301F-11D3-BF4B-00C04F79EFBC}") = "Assembly-CSharp-Editor", "Assembly-CSharp-Editor.csproj", "{5a2d789c-838a-f982-6bc6-46506b468e07}"
EndProject
Global
	GlobalSection(SolutionConfigurationPlatforms) = preSolution
		Debug|Any CPU = Debug|Any CPU
	EndGlobalSection
	GlobalSection(ProjectConfigurationPlatforms) = postSolution
		{ed0f4f24-70a2-6739-50fd-4a30e1bf68fc}.Debug|Any CPU.ActiveCfg = Debug|Any CPU
		{ed0f4f24-70a2-6739-50fd-4a30e1bf68fc}.Debug|Any CPU.Build.0 = Debug|Any CPU
		{5a2d789c-838a-f982-6bc6-46506b468e07}.Debug|Any CPU.ActiveCfg = Debug|Any CPU
		{5a2d789c-838a-f982-6bc6-46506b468e07}.Debug|Any CPU.Build.0 = Debug|Any CPU
	EndGlobalSection
	GlobalSection(SolutionProperties) = preSolution
		HideSolutionNode = FALSE
	EndGlobalSection
EndGlobal
